// !$*UTF8*$!
{
	archiveVersion = 1;
	classes = {
	};
	objectVersion = 46;
	objects = {

/* Begin PBXBuildFile section */
		50C6A47F620D44B084D23D8D /* libPods.a in Frameworks */ = {isa = PBXBuildFile; fileRef = 0C1783610ECB46229783D429 /* libPods.a */; };
		C2290E031A3C3E01001CF702 /* WebKit.framework in Frameworks */ = {isa = PBXBuildFile; fileRef = C2290E021A3C3E01001CF702 /* WebKit.framework */; };
		C251AEA11A3BF89E00DD3992 /* HACSeminarCell.m in Sources */ = {isa = PBXBuildFile; fileRef = C251AEA01A3BF89E00DD3992 /* HACSeminarCell.m */; };
		C251AEA51A3BFAC900DD3992 /* HACSeminarListVC.m in Sources */ = {isa = PBXBuildFile; fileRef = C251AEA41A3BFAC900DD3992 /* HACSeminarListVC.m */; };
		C251AEAB1A3C2B9E00DD3992 /* HACSeminarDetailVC.m in Sources */ = {isa = PBXBuildFile; fileRef = C251AEAA1A3C2B9E00DD3992 /* HACSeminarDetailVC.m */; };
		C298DCC91975FB24000EB78A /* SeminarModel.m in Sources */ = {isa = PBXBuildFile; fileRef = C298DCC81975FB24000EB78A /* SeminarModel.m */; };
		C298DCD1197613E4000EB78A /* DateUtil.m in Sources */ = {isa = PBXBuildFile; fileRef = C298DCD0197613E4000EB78A /* DateUtil.m */; };
		C298DCD519761B70000EB78A /* SeminarAPIManager.m in Sources */ = {isa = PBXBuildFile; fileRef = C298DCD419761B70000EB78A /* SeminarAPIManager.m */; };
		C298DCDC197784BF000EB78A /* ZusaarModel.m in Sources */ = {isa = PBXBuildFile; fileRef = C298DCDB197784BF000EB78A /* ZusaarModel.m */; };
		C298DCDF19778678000EB78A /* ConnpassModel.m in Sources */ = {isa = PBXBuildFile; fileRef = C298DCDE19778678000EB78A /* ConnpassModel.m */; };
		C298DCE21977871D000EB78A /* AtndModel.m in Sources */ = {isa = PBXBuildFile; fileRef = C298DCE11977871D000EB78A /* AtndModel.m */; };
		C298DCE51977880C000EB78A /* ConnpassAPIClient.m in Sources */ = {isa = PBXBuildFile; fileRef = C298DCE41977880C000EB78A /* ConnpassAPIClient.m */; };
		C298DCE819778839000EB78A /* SeminarAPIClient.m in Sources */ = {isa = PBXBuildFile; fileRef = C298DCE719778839000EB78A /* SeminarAPIClient.m */; };
		C298DCEB197789DE000EB78A /* AtndApiClient.m in Sources */ = {isa = PBXBuildFile; fileRef = C298DCEA197789DE000EB78A /* AtndApiClient.m */; };
		C2CEF14119755F3C006C5E5B /* Foundation.framework in Frameworks */ = {isa = PBXBuildFile; fileRef = C2CEF14019755F3C006C5E5B /* Foundation.framework */; };
		C2CEF14319755F3C006C5E5B /* CoreGraphics.framework in Frameworks */ = {isa = PBXBuildFile; fileRef = C2CEF14219755F3C006C5E5B /* CoreGraphics.framework */; };
		C2CEF14519755F3C006C5E5B /* UIKit.framework in Frameworks */ = {isa = PBXBuildFile; fileRef = C2CEF14419755F3C006C5E5B /* UIKit.framework */; };
		C2CEF14B19755F3C006C5E5B /* InfoPlist.strings in Resources */ = {isa = PBXBuildFile; fileRef = C2CEF14919755F3C006C5E5B /* InfoPlist.strings */; };
		C2CEF14D19755F3C006C5E5B /* main.m in Sources */ = {isa = PBXBuildFile; fileRef = C2CEF14C19755F3C006C5E5B /* main.m */; };
		C2CEF15119755F3C006C5E5B /* HACAppDelegate.m in Sources */ = {isa = PBXBuildFile; fileRef = C2CEF15019755F3C006C5E5B /* HACAppDelegate.m */; };
		C2CEF15419755F3C006C5E5B /* Main.storyboard in Resources */ = {isa = PBXBuildFile; fileRef = C2CEF15219755F3C006C5E5B /* Main.storyboard */; };
		C2CEF15919755F3C006C5E5B /* Images.xcassets in Resources */ = {isa = PBXBuildFile; fileRef = C2CEF15819755F3C006C5E5B /* Images.xcassets */; };
		C2CEF16019755F3C006C5E5B /* XCTest.framework in Frameworks */ = {isa = PBXBuildFile; fileRef = C2CEF15F19755F3C006C5E5B /* XCTest.framework */; };
		C2CEF16119755F3C006C5E5B /* Foundation.framework in Frameworks */ = {isa = PBXBuildFile; fileRef = C2CEF14019755F3C006C5E5B /* Foundation.framework */; };
		C2CEF16219755F3C006C5E5B /* UIKit.framework in Frameworks */ = {isa = PBXBuildFile; fileRef = C2CEF14419755F3C006C5E5B /* UIKit.framework */; };
		C2CEF16A19755F3C006C5E5B /* InfoPlist.strings in Resources */ = {isa = PBXBuildFile; fileRef = C2CEF16819755F3C006C5E5B /* InfoPlist.strings */; };
		C2CEF16C19755F3C006C5E5B /* SeminarCollectionTests.m in Sources */ = {isa = PBXBuildFile; fileRef = C2CEF16B19755F3C006C5E5B /* SeminarCollectionTests.m */; };
		C2CEF1781975609C006C5E5B /* Seminar.xcdatamodeld in Sources */ = {isa = PBXBuildFile; fileRef = C2CEF1761975609C006C5E5B /* Seminar.xcdatamodeld */; };
		C2CEF18519756519006C5E5B /* _Seminar.m in Sources */ = {isa = PBXBuildFile; fileRef = C2CEF18219756519006C5E5B /* _Seminar.m */; };
		C2CEF18619756519006C5E5B /* Seminar.m in Sources */ = {isa = PBXBuildFile; fileRef = C2CEF18419756519006C5E5B /* Seminar.m */; };
		C2CEF18A1975660F006C5E5B /* ZusaarAPIClient.m in Sources */ = {isa = PBXBuildFile; fileRef = C2CEF1891975660F006C5E5B /* ZusaarAPIClient.m */; };
		C2D5A3F81A3D737F00F615B5 /* HACUpDownTransition.m in Sources */ = {isa = PBXBuildFile; fileRef = C2D5A3F71A3D737F00F615B5 /* HACUpDownTransition.m */; };
		C2D5A3FB1A3DD47D00F615B5 /* Icon@2x.png in Resources */ = {isa = PBXBuildFile; fileRef = C2D5A3FA1A3DD47D00F615B5 /* Icon@2x.png */; };
/* End PBXBuildFile section */

/* Begin PBXContainerItemProxy section */
		C2CEF16319755F3C006C5E5B /* PBXContainerItemProxy */ = {
			isa = PBXContainerItemProxy;
			containerPortal = C2CEF13519755F3C006C5E5B /* Project object */;
			proxyType = 1;
			remoteGlobalIDString = C2CEF13C19755F3C006C5E5B;
			remoteInfo = SeminarCollection;
		};
/* End PBXContainerItemProxy section */

/* Begin PBXFileReference section */
		0C1783610ECB46229783D429 /* libPods.a */ = {isa = PBXFileReference; explicitFileType = archive.ar; includeInIndex = 0; path = libPods.a; sourceTree = BUILT_PRODUCTS_DIR; };
		7A233DA735ACA7D7F85AB111 /* Pods.debug.xcconfig */ = {isa = PBXFileReference; includeInIndex = 1; lastKnownFileType = text.xcconfig; name = Pods.debug.xcconfig; path = "Pods/Target Support Files/Pods/Pods.debug.xcconfig"; sourceTree = "<group>"; };
		C2290E021A3C3E01001CF702 /* WebKit.framework */ = {isa = PBXFileReference; lastKnownFileType = wrapper.framework; name = WebKit.framework; path = System/Library/Frameworks/WebKit.framework; sourceTree = SDKROOT; };
		C251AE9F1A3BF89E00DD3992 /* HACSeminarCell.h */ = {isa = PBXFileReference; fileEncoding = 4; lastKnownFileType = sourcecode.c.h; path = HACSeminarCell.h; sourceTree = "<group>"; };
		C251AEA01A3BF89E00DD3992 /* HACSeminarCell.m */ = {isa = PBXFileReference; fileEncoding = 4; lastKnownFileType = sourcecode.c.objc; path = HACSeminarCell.m; sourceTree = "<group>"; };
		C251AEA31A3BFAC900DD3992 /* HACSeminarListVC.h */ = {isa = PBXFileReference; fileEncoding = 4; lastKnownFileType = sourcecode.c.h; path = HACSeminarListVC.h; sourceTree = "<group>"; };
		C251AEA41A3BFAC900DD3992 /* HACSeminarListVC.m */ = {isa = PBXFileReference; fileEncoding = 4; lastKnownFileType = sourcecode.c.objc; path = HACSeminarListVC.m; sourceTree = "<group>"; };
		C251AEA91A3C2B9E00DD3992 /* HACSeminarDetailVC.h */ = {isa = PBXFileReference; fileEncoding = 4; lastKnownFileType = sourcecode.c.h; path = HACSeminarDetailVC.h; sourceTree = "<group>"; };
		C251AEAA1A3C2B9E00DD3992 /* HACSeminarDetailVC.m */ = {isa = PBXFileReference; fileEncoding = 4; lastKnownFileType = sourcecode.c.objc; path = HACSeminarDetailVC.m; sourceTree = "<group>"; };
		C298DCC71975FB24000EB78A /* SeminarModel.h */ = {isa = PBXFileReference; fileEncoding = 4; lastKnownFileType = sourcecode.c.h; path = SeminarModel.h; sourceTree = "<group>"; };
		C298DCC81975FB24000EB78A /* SeminarModel.m */ = {isa = PBXFileReference; fileEncoding = 4; lastKnownFileType = sourcecode.c.objc; path = SeminarModel.m; sourceTree = "<group>"; };
		C298DCCF197613E4000EB78A /* DateUtil.h */ = {isa = PBXFileReference; fileEncoding = 4; lastKnownFileType = sourcecode.c.h; path = DateUtil.h; sourceTree = "<group>"; };
		C298DCD0197613E4000EB78A /* DateUtil.m */ = {isa = PBXFileReference; fileEncoding = 4; lastKnownFileType = sourcecode.c.objc; path = DateUtil.m; sourceTree = "<group>"; };
		C298DCD319761B70000EB78A /* SeminarAPIManager.h */ = {isa = PBXFileReference; fileEncoding = 4; lastKnownFileType = sourcecode.c.h; path = SeminarAPIManager.h; sourceTree = "<group>"; };
		C298DCD419761B70000EB78A /* SeminarAPIManager.m */ = {isa = PBXFileReference; fileEncoding = 4; lastKnownFileType = sourcecode.c.objc; path = SeminarAPIManager.m; sourceTree = "<group>"; };
		C298DCDA197784BF000EB78A /* ZusaarModel.h */ = {isa = PBXFileReference; fileEncoding = 4; lastKnownFileType = sourcecode.c.h; path = ZusaarModel.h; sourceTree = "<group>"; };
		C298DCDB197784BF000EB78A /* ZusaarModel.m */ = {isa = PBXFileReference; fileEncoding = 4; lastKnownFileType = sourcecode.c.objc; path = ZusaarModel.m; sourceTree = "<group>"; };
		C298DCDD19778678000EB78A /* ConnpassModel.h */ = {isa = PBXFileReference; fileEncoding = 4; lastKnownFileType = sourcecode.c.h; path = ConnpassModel.h; sourceTree = "<group>"; };
		C298DCDE19778678000EB78A /* ConnpassModel.m */ = {isa = PBXFileReference; fileEncoding = 4; lastKnownFileType = sourcecode.c.objc; path = ConnpassModel.m; sourceTree = "<group>"; };
		C298DCE01977871D000EB78A /* AtndModel.h */ = {isa = PBXFileReference; fileEncoding = 4; lastKnownFileType = sourcecode.c.h; path = AtndModel.h; sourceTree = "<group>"; };
		C298DCE11977871D000EB78A /* AtndModel.m */ = {isa = PBXFileReference; fileEncoding = 4; lastKnownFileType = sourcecode.c.objc; path = AtndModel.m; sourceTree = "<group>"; };
		C298DCE31977880C000EB78A /* ConnpassAPIClient.h */ = {isa = PBXFileReference; fileEncoding = 4; lastKnownFileType = sourcecode.c.h; path = ConnpassAPIClient.h; sourceTree = "<group>"; };
		C298DCE41977880C000EB78A /* ConnpassAPIClient.m */ = {isa = PBXFileReference; fileEncoding = 4; lastKnownFileType = sourcecode.c.objc; path = ConnpassAPIClient.m; sourceTree = "<group>"; };
		C298DCE619778839000EB78A /* SeminarAPIClient.h */ = {isa = PBXFileReference; fileEncoding = 4; lastKnownFileType = sourcecode.c.h; path = SeminarAPIClient.h; sourceTree = "<group>"; };
		C298DCE719778839000EB78A /* SeminarAPIClient.m */ = {isa = PBXFileReference; fileEncoding = 4; lastKnownFileType = sourcecode.c.objc; path = SeminarAPIClient.m; sourceTree = "<group>"; };
		C298DCE9197789DE000EB78A /* AtndApiClient.h */ = {isa = PBXFileReference; fileEncoding = 4; lastKnownFileType = sourcecode.c.h; path = AtndApiClient.h; sourceTree = "<group>"; };
		C298DCEA197789DE000EB78A /* AtndApiClient.m */ = {isa = PBXFileReference; fileEncoding = 4; lastKnownFileType = sourcecode.c.objc; path = AtndApiClient.m; sourceTree = "<group>"; };
		C2CEF13D19755F3C006C5E5B /* SeminarCollection.app */ = {isa = PBXFileReference; explicitFileType = wrapper.application; includeInIndex = 0; path = SeminarCollection.app; sourceTree = BUILT_PRODUCTS_DIR; };
		C2CEF14019755F3C006C5E5B /* Foundation.framework */ = {isa = PBXFileReference; lastKnownFileType = wrapper.framework; name = Foundation.framework; path = System/Library/Frameworks/Foundation.framework; sourceTree = SDKROOT; };
		C2CEF14219755F3C006C5E5B /* CoreGraphics.framework */ = {isa = PBXFileReference; lastKnownFileType = wrapper.framework; name = CoreGraphics.framework; path = System/Library/Frameworks/CoreGraphics.framework; sourceTree = SDKROOT; };
		C2CEF14419755F3C006C5E5B /* UIKit.framework */ = {isa = PBXFileReference; lastKnownFileType = wrapper.framework; name = UIKit.framework; path = System/Library/Frameworks/UIKit.framework; sourceTree = SDKROOT; };
		C2CEF14819755F3C006C5E5B /* SeminarCollection-Info.plist */ = {isa = PBXFileReference; lastKnownFileType = text.plist.xml; path = "SeminarCollection-Info.plist"; sourceTree = "<group>"; };
		C2CEF14A19755F3C006C5E5B /* en */ = {isa = PBXFileReference; lastKnownFileType = text.plist.strings; name = en; path = en.lproj/InfoPlist.strings; sourceTree = "<group>"; };
		C2CEF14C19755F3C006C5E5B /* main.m */ = {isa = PBXFileReference; lastKnownFileType = sourcecode.c.objc; path = main.m; sourceTree = "<group>"; };
		C2CEF14E19755F3C006C5E5B /* SeminarCollection-Prefix.pch */ = {isa = PBXFileReference; lastKnownFileType = sourcecode.c.h; path = "SeminarCollection-Prefix.pch"; sourceTree = "<group>"; };
		C2CEF14F19755F3C006C5E5B /* HACAppDelegate.h */ = {isa = PBXFileReference; lastKnownFileType = sourcecode.c.h; path = HACAppDelegate.h; sourceTree = "<group>"; };
		C2CEF15019755F3C006C5E5B /* HACAppDelegate.m */ = {isa = PBXFileReference; lastKnownFileType = sourcecode.c.objc; path = HACAppDelegate.m; sourceTree = "<group>"; };
		C2CEF15319755F3C006C5E5B /* Base */ = {isa = PBXFileReference; lastKnownFileType = file.storyboard; name = Base; path = Base.lproj/Main.storyboard; sourceTree = "<group>"; };
		C2CEF15819755F3C006C5E5B /* Images.xcassets */ = {isa = PBXFileReference; lastKnownFileType = folder.assetcatalog; path = Images.xcassets; sourceTree = "<group>"; };
		C2CEF15E19755F3C006C5E5B /* SeminarCollectionTests.xctest */ = {isa = PBXFileReference; explicitFileType = wrapper.cfbundle; includeInIndex = 0; path = SeminarCollectionTests.xctest; sourceTree = BUILT_PRODUCTS_DIR; };
		C2CEF15F19755F3C006C5E5B /* XCTest.framework */ = {isa = PBXFileReference; lastKnownFileType = wrapper.framework; name = XCTest.framework; path = Library/Frameworks/XCTest.framework; sourceTree = DEVELOPER_DIR; };
		C2CEF16719755F3C006C5E5B /* SeminarCollectionTests-Info.plist */ = {isa = PBXFileReference; lastKnownFileType = text.plist.xml; path = "SeminarCollectionTests-Info.plist"; sourceTree = "<group>"; };
		C2CEF16919755F3C006C5E5B /* en */ = {isa = PBXFileReference; lastKnownFileType = text.plist.strings; name = en; path = en.lproj/InfoPlist.strings; sourceTree = "<group>"; };
		C2CEF16B19755F3C006C5E5B /* SeminarCollectionTests.m */ = {isa = PBXFileReference; lastKnownFileType = sourcecode.c.objc; path = SeminarCollectionTests.m; sourceTree = "<group>"; };
		C2CEF1771975609C006C5E5B /* Seminar.xcdatamodel */ = {isa = PBXFileReference; lastKnownFileType = wrapper.xcdatamodel; path = Seminar.xcdatamodel; sourceTree = "<group>"; };
		C2CEF18119756519006C5E5B /* _Seminar.h */ = {isa = PBXFileReference; fileEncoding = 4; lastKnownFileType = sourcecode.c.h; path = _Seminar.h; sourceTree = "<group>"; };
		C2CEF18219756519006C5E5B /* _Seminar.m */ = {isa = PBXFileReference; fileEncoding = 4; lastKnownFileType = sourcecode.c.objc; path = _Seminar.m; sourceTree = "<group>"; };
		C2CEF18319756519006C5E5B /* Seminar.h */ = {isa = PBXFileReference; fileEncoding = 4; lastKnownFileType = sourcecode.c.h; path = Seminar.h; sourceTree = "<group>"; };
		C2CEF18419756519006C5E5B /* Seminar.m */ = {isa = PBXFileReference; fileEncoding = 4; lastKnownFileType = sourcecode.c.objc; path = Seminar.m; sourceTree = "<group>"; };
		C2CEF1881975660F006C5E5B /* ZusaarAPIClient.h */ = {isa = PBXFileReference; fileEncoding = 4; lastKnownFileType = sourcecode.c.h; path = ZusaarAPIClient.h; sourceTree = "<group>"; };
		C2CEF1891975660F006C5E5B /* ZusaarAPIClient.m */ = {isa = PBXFileReference; fileEncoding = 4; lastKnownFileType = sourcecode.c.objc; path = ZusaarAPIClient.m; sourceTree = "<group>"; };
		C2D5A3F61A3D737F00F615B5 /* HACUpDownTransition.h */ = {isa = PBXFileReference; fileEncoding = 4; lastKnownFileType = sourcecode.c.h; path = HACUpDownTransition.h; sourceTree = "<group>"; };
		C2D5A3F71A3D737F00F615B5 /* HACUpDownTransition.m */ = {isa = PBXFileReference; fileEncoding = 4; lastKnownFileType = sourcecode.c.objc; path = HACUpDownTransition.m; sourceTree = "<group>"; };
		C2D5A3FA1A3DD47D00F615B5 /* Icon@2x.png */ = {isa = PBXFileReference; lastKnownFileType = image.png; path = "Icon@2x.png"; sourceTree = "<group>"; };
		F7E94DBCE0111A16E03D290E /* Pods.release.xcconfig */ = {isa = PBXFileReference; includeInIndex = 1; lastKnownFileType = text.xcconfig; name = Pods.release.xcconfig; path = "Pods/Target Support Files/Pods/Pods.release.xcconfig"; sourceTree = "<group>"; };
/* End PBXFileReference section */

/* Begin PBXFrameworksBuildPhase section */
		C2CEF13A19755F3C006C5E5B /* Frameworks */ = {
			isa = PBXFrameworksBuildPhase;
			buildActionMask = 2147483647;
			files = (
				C2290E031A3C3E01001CF702 /* WebKit.framework in Frameworks */,
				C2CEF14319755F3C006C5E5B /* CoreGraphics.framework in Frameworks */,
				C2CEF14519755F3C006C5E5B /* UIKit.framework in Frameworks */,
				C2CEF14119755F3C006C5E5B /* Foundation.framework in Frameworks */,
				50C6A47F620D44B084D23D8D /* libPods.a in Frameworks */,
			);
			runOnlyForDeploymentPostprocessing = 0;
		};
		C2CEF15B19755F3C006C5E5B /* Frameworks */ = {
			isa = PBXFrameworksBuildPhase;
			buildActionMask = 2147483647;
			files = (
				C2CEF16019755F3C006C5E5B /* XCTest.framework in Frameworks */,
				C2CEF16219755F3C006C5E5B /* UIKit.framework in Frameworks */,
				C2CEF16119755F3C006C5E5B /* Foundation.framework in Frameworks */,
			);
			runOnlyForDeploymentPostprocessing = 0;
		};
/* End PBXFrameworksBuildPhase section */

/* Begin PBXGroup section */
		C251AE9D1A3BF67700DD3992 /* View */ = {
			isa = PBXGroup;
			children = (
				C251AE9E1A3BF69600DD3992 /* Cell */,
			);
			path = View;
			sourceTree = "<group>";
		};
		C251AE9E1A3BF69600DD3992 /* Cell */ = {
			isa = PBXGroup;
			children = (
				C251AE9F1A3BF89E00DD3992 /* HACSeminarCell.h */,
				C251AEA01A3BF89E00DD3992 /* HACSeminarCell.m */,
			);
			path = Cell;
			sourceTree = "<group>";
		};
		C251AEA21A3BFA6E00DD3992 /* Controller */ = {
			isa = PBXGroup;
			children = (
				C251AEA31A3BFAC900DD3992 /* HACSeminarListVC.h */,
				C251AEA41A3BFAC900DD3992 /* HACSeminarListVC.m */,
				C251AEA91A3C2B9E00DD3992 /* HACSeminarDetailVC.h */,
				C251AEAA1A3C2B9E00DD3992 /* HACSeminarDetailVC.m */,
			);
			path = Controller;
			sourceTree = "<group>";
		};
		C298DCC61975FA44000EB78A /* JSONModel */ = {
			isa = PBXGroup;
			children = (
				C298DCC71975FB24000EB78A /* SeminarModel.h */,
				C298DCC81975FB24000EB78A /* SeminarModel.m */,
				C298DCDA197784BF000EB78A /* ZusaarModel.h */,
				C298DCDB197784BF000EB78A /* ZusaarModel.m */,
				C298DCDD19778678000EB78A /* ConnpassModel.h */,
				C298DCDE19778678000EB78A /* ConnpassModel.m */,
				C298DCE01977871D000EB78A /* AtndModel.h */,
				C298DCE11977871D000EB78A /* AtndModel.m */,
			);
			path = JSONModel;
			sourceTree = "<group>";
		};
		C298DCCE1976139B000EB78A /* Util */ = {
			isa = PBXGroup;
			children = (
				C298DCCF197613E4000EB78A /* DateUtil.h */,
				C298DCD0197613E4000EB78A /* DateUtil.m */,
			);
			path = Util;
			sourceTree = "<group>";
		};
		C298DCD219761B23000EB78A /* Manager */ = {
			isa = PBXGroup;
			children = (
				C298DCD319761B70000EB78A /* SeminarAPIManager.h */,
				C298DCD419761B70000EB78A /* SeminarAPIManager.m */,
			);
			path = Manager;
			sourceTree = "<group>";
		};
		C2CEF13419755F3C006C5E5B = {
			isa = PBXGroup;
			children = (
				C2CEF14619755F3C006C5E5B /* SeminarCollection */,
				C2CEF16519755F3C006C5E5B /* SeminarCollectionTests */,
				C2CEF13F19755F3C006C5E5B /* Frameworks */,
				C2CEF13E19755F3C006C5E5B /* Products */,
				C2E72D8DFE45E8C89ECE6D11 /* Pods */,
			);
			sourceTree = "<group>";
		};
		C2CEF13E19755F3C006C5E5B /* Products */ = {
			isa = PBXGroup;
			children = (
				C2CEF13D19755F3C006C5E5B /* SeminarCollection.app */,
				C2CEF15E19755F3C006C5E5B /* SeminarCollectionTests.xctest */,
			);
			name = Products;
			sourceTree = "<group>";
		};
		C2CEF13F19755F3C006C5E5B /* Frameworks */ = {
			isa = PBXGroup;
			children = (
				C2290E021A3C3E01001CF702 /* WebKit.framework */,
				C2CEF14019755F3C006C5E5B /* Foundation.framework */,
				C2CEF14219755F3C006C5E5B /* CoreGraphics.framework */,
				C2CEF14419755F3C006C5E5B /* UIKit.framework */,
				C2CEF15F19755F3C006C5E5B /* XCTest.framework */,
				0C1783610ECB46229783D429 /* libPods.a */,
			);
			name = Frameworks;
			sourceTree = "<group>";
		};
		C2CEF14619755F3C006C5E5B /* SeminarCollection */ = {
			isa = PBXGroup;
			children = (
				C2D5A3F91A3DD46100F615B5 /* Resource */,
				C2D5A3F51A3D731E00F615B5 /* Transition */,
				C251AEA21A3BFA6E00DD3992 /* Controller */,
				C251AE9D1A3BF67700DD3992 /* View */,
				C298DCCE1976139B000EB78A /* Util */,
				C2CEF17519756081006C5E5B /* Model */,
				C2CEF14F19755F3C006C5E5B /* HACAppDelegate.h */,
				C2CEF15019755F3C006C5E5B /* HACAppDelegate.m */,
				C2CEF15219755F3C006C5E5B /* Main.storyboard */,
				C2CEF15819755F3C006C5E5B /* Images.xcassets */,
				C2CEF14719755F3C006C5E5B /* Supporting Files */,
			);
			path = SeminarCollection;
			sourceTree = "<group>";
		};
		C2CEF14719755F3C006C5E5B /* Supporting Files */ = {
			isa = PBXGroup;
			children = (
				C2CEF14819755F3C006C5E5B /* SeminarCollection-Info.plist */,
				C2CEF14919755F3C006C5E5B /* InfoPlist.strings */,
				C2CEF14C19755F3C006C5E5B /* main.m */,
				C2CEF14E19755F3C006C5E5B /* SeminarCollection-Prefix.pch */,
			);
			name = "Supporting Files";
			sourceTree = "<group>";
		};
		C2CEF16519755F3C006C5E5B /* SeminarCollectionTests */ = {
			isa = PBXGroup;
			children = (
				C2CEF16B19755F3C006C5E5B /* SeminarCollectionTests.m */,
				C2CEF16619755F3C006C5E5B /* Supporting Files */,
			);
			path = SeminarCollectionTests;
			sourceTree = "<group>";
		};
		C2CEF16619755F3C006C5E5B /* Supporting Files */ = {
			isa = PBXGroup;
			children = (
				C2CEF16719755F3C006C5E5B /* SeminarCollectionTests-Info.plist */,
				C2CEF16819755F3C006C5E5B /* InfoPlist.strings */,
			);
			name = "Supporting Files";
			sourceTree = "<group>";
		};
		C2CEF17519756081006C5E5B /* Model */ = {
			isa = PBXGroup;
			children = (
				C298DCD219761B23000EB78A /* Manager */,
				C298DCC61975FA44000EB78A /* JSONModel */,
				C2CEF1871975658E006C5E5B /* APIClient */,
				C2CEF180197564F7006C5E5B /* Entity */,
				C2CEF1761975609C006C5E5B /* Seminar.xcdatamodeld */,
			);
			path = Model;
			sourceTree = "<group>";
		};
		C2CEF180197564F7006C5E5B /* Entity */ = {
			isa = PBXGroup;
			children = (
				C2CEF18119756519006C5E5B /* _Seminar.h */,
				C2CEF18219756519006C5E5B /* _Seminar.m */,
				C2CEF18319756519006C5E5B /* Seminar.h */,
				C2CEF18419756519006C5E5B /* Seminar.m */,
			);
			path = Entity;
			sourceTree = "<group>";
		};
		C2CEF1871975658E006C5E5B /* APIClient */ = {
			isa = PBXGroup;
			children = (
				C2CEF1881975660F006C5E5B /* ZusaarAPIClient.h */,
				C2CEF1891975660F006C5E5B /* ZusaarAPIClient.m */,
				C298DCE31977880C000EB78A /* ConnpassAPIClient.h */,
				C298DCE41977880C000EB78A /* ConnpassAPIClient.m */,
				C298DCE619778839000EB78A /* SeminarAPIClient.h */,
				C298DCE719778839000EB78A /* SeminarAPIClient.m */,
				C298DCE9197789DE000EB78A /* AtndApiClient.h */,
				C298DCEA197789DE000EB78A /* AtndApiClient.m */,
			);
			path = APIClient;
			sourceTree = "<group>";
		};
		C2D5A3F51A3D731E00F615B5 /* Transition */ = {
			isa = PBXGroup;
			children = (
				C2D5A3F61A3D737F00F615B5 /* HACUpDownTransition.h */,
				C2D5A3F71A3D737F00F615B5 /* HACUpDownTransition.m */,
			);
			path = Transition;
			sourceTree = "<group>";
		};
		C2D5A3F91A3DD46100F615B5 /* Resource */ = {
			isa = PBXGroup;
			children = (
				C2D5A3FA1A3DD47D00F615B5 /* Icon@2x.png */,
			);
			path = Resource;
			sourceTree = "<group>";
		};
		C2E72D8DFE45E8C89ECE6D11 /* Pods */ = {
			isa = PBXGroup;
			children = (
				7A233DA735ACA7D7F85AB111 /* Pods.debug.xcconfig */,
				F7E94DBCE0111A16E03D290E /* Pods.release.xcconfig */,
			);
			name = Pods;
			sourceTree = "<group>";
		};
/* End PBXGroup section */

/* Begin PBXNativeTarget section */
		C2CEF13C19755F3C006C5E5B /* SeminarCollection */ = {
			isa = PBXNativeTarget;
			buildConfigurationList = C2CEF16F19755F3C006C5E5B /* Build configuration list for PBXNativeTarget "SeminarCollection" */;
			buildPhases = (
				CE2532FFD70B43F5930801DD /* Check Pods Manifest.lock */,
				C2CEF13919755F3C006C5E5B /* Sources */,
				C2CEF13A19755F3C006C5E5B /* Frameworks */,
				C2CEF13B19755F3C006C5E5B /* Resources */,
				0589BBD089A34740AD61472D /* Copy Pods Resources */,
			);
			buildRules = (
			);
			dependencies = (
			);
			name = SeminarCollection;
			productName = SeminarCollection;
			productReference = C2CEF13D19755F3C006C5E5B /* SeminarCollection.app */;
			productType = "com.apple.product-type.application";
		};
		C2CEF15D19755F3C006C5E5B /* SeminarCollectionTests */ = {
			isa = PBXNativeTarget;
			buildConfigurationList = C2CEF17219755F3C006C5E5B /* Build configuration list for PBXNativeTarget "SeminarCollectionTests" */;
			buildPhases = (
				C2CEF15A19755F3C006C5E5B /* Sources */,
				C2CEF15B19755F3C006C5E5B /* Frameworks */,
				C2CEF15C19755F3C006C5E5B /* Resources */,
			);
			buildRules = (
			);
			dependencies = (
				C2CEF16419755F3C006C5E5B /* PBXTargetDependency */,
			);
			name = SeminarCollectionTests;
			productName = SeminarCollectionTests;
			productReference = C2CEF15E19755F3C006C5E5B /* SeminarCollectionTests.xctest */;
			productType = "com.apple.product-type.bundle.unit-test";
		};
/* End PBXNativeTarget section */

/* Begin PBXProject section */
		C2CEF13519755F3C006C5E5B /* Project object */ = {
			isa = PBXProject;
			attributes = {
				CLASSPREFIX = HAC;
				LastUpgradeCheck = 0510;
				ORGANIZATIONNAME = "Takahiro Nishinobu";
				TargetAttributes = {
					C2CEF15D19755F3C006C5E5B = {
						TestTargetID = C2CEF13C19755F3C006C5E5B;
					};
				};
			};
			buildConfigurationList = C2CEF13819755F3C006C5E5B /* Build configuration list for PBXProject "SeminarCollection" */;
			compatibilityVersion = "Xcode 3.2";
			developmentRegion = English;
			hasScannedForEncodings = 0;
			knownRegions = (
				en,
				Base,
			);
			mainGroup = C2CEF13419755F3C006C5E5B;
			productRefGroup = C2CEF13E19755F3C006C5E5B /* Products */;
			projectDirPath = "";
			projectRoot = "";
			targets = (
				C2CEF13C19755F3C006C5E5B /* SeminarCollection */,
				C2CEF15D19755F3C006C5E5B /* SeminarCollectionTests */,
			);
		};
/* End PBXProject section */

/* Begin PBXResourcesBuildPhase section */
		C2CEF13B19755F3C006C5E5B /* Resources */ = {
			isa = PBXResourcesBuildPhase;
			buildActionMask = 2147483647;
			files = (
				C2CEF15919755F3C006C5E5B /* Images.xcassets in Resources */,
				C2D5A3FB1A3DD47D00F615B5 /* Icon@2x.png in Resources */,
				C2CEF14B19755F3C006C5E5B /* InfoPlist.strings in Resources */,
				C2CEF15419755F3C006C5E5B /* Main.storyboard in Resources */,
			);
			runOnlyForDeploymentPostprocessing = 0;
		};
		C2CEF15C19755F3C006C5E5B /* Resources */ = {
			isa = PBXResourcesBuildPhase;
			buildActionMask = 2147483647;
			files = (
				C2CEF16A19755F3C006C5E5B /* InfoPlist.strings in Resources */,
			);
			runOnlyForDeploymentPostprocessing = 0;
		};
/* End PBXResourcesBuildPhase section */

/* Begin PBXShellScriptBuildPhase section */
		0589BBD089A34740AD61472D /* Copy Pods Resources */ = {
			isa = PBXShellScriptBuildPhase;
			buildActionMask = 2147483647;
			files = (
			);
			inputPaths = (
			);
			name = "Copy Pods Resources";
			outputPaths = (
			);
			runOnlyForDeploymentPostprocessing = 0;
			shellPath = /bin/sh;
			shellScript = "\"${SRCROOT}/Pods/Target Support Files/Pods/Pods-resources.sh\"\n";
			showEnvVarsInLog = 0;
		};
		CE2532FFD70B43F5930801DD /* Check Pods Manifest.lock */ = {
			isa = PBXShellScriptBuildPhase;
			buildActionMask = 2147483647;
			files = (
			);
			inputPaths = (
			);
			name = "Check Pods Manifest.lock";
			outputPaths = (
			);
			runOnlyForDeploymentPostprocessing = 0;
			shellPath = /bin/sh;
			shellScript = "diff \"${PODS_ROOT}/../Podfile.lock\" \"${PODS_ROOT}/Manifest.lock\" > /dev/null\nif [[ $? != 0 ]] ; then\n    cat << EOM\nerror: The sandbox is not in sync with the Podfile.lock. Run 'pod install' or update your CocoaPods installation.\nEOM\n    exit 1\nfi\n";
			showEnvVarsInLog = 0;
		};
/* End PBXShellScriptBuildPhase section */

/* Begin PBXSourcesBuildPhase section */
		C2CEF13919755F3C006C5E5B /* Sources */ = {
			isa = PBXSourcesBuildPhase;
			buildActionMask = 2147483647;
			files = (
				C2D5A3F81A3D737F00F615B5 /* HACUpDownTransition.m in Sources */,
				C2CEF14D19755F3C006C5E5B /* main.m in Sources */,
				C298DCE819778839000EB78A /* SeminarAPIClient.m in Sources */,
				C298DCD1197613E4000EB78A /* DateUtil.m in Sources */,
				C298DCE21977871D000EB78A /* AtndModel.m in Sources */,
				C2CEF18A1975660F006C5E5B /* ZusaarAPIClient.m in Sources */,
				C2CEF15119755F3C006C5E5B /* HACAppDelegate.m in Sources */,
				C298DCD519761B70000EB78A /* SeminarAPIManager.m in Sources */,
				C251AEA11A3BF89E00DD3992 /* HACSeminarCell.m in Sources */,
				C2CEF1781975609C006C5E5B /* Seminar.xcdatamodeld in Sources */,
				C298DCEB197789DE000EB78A /* AtndApiClient.m in Sources */,
				C298DCE51977880C000EB78A /* ConnpassAPIClient.m in Sources */,
				C298DCDF19778678000EB78A /* ConnpassModel.m in Sources */,
				C251AEAB1A3C2B9E00DD3992 /* HACSeminarDetailVC.m in Sources */,
				C298DCC91975FB24000EB78A /* SeminarModel.m in Sources */,
				C2CEF18619756519006C5E5B /* Seminar.m in Sources */,
				C2CEF18519756519006C5E5B /* _Seminar.m in Sources */,
				C251AEA51A3BFAC900DD3992 /* HACSeminarListVC.m in Sources */,
				C298DCDC197784BF000EB78A /* ZusaarModel.m in Sources */,
			);
			runOnlyForDeploymentPostprocessing = 0;
		};
		C2CEF15A19755F3C006C5E5B /* Sources */ = {
			isa = PBXSourcesBuildPhase;
			buildActionMask = 2147483647;
			files = (
				C2CEF16C19755F3C006C5E5B /* SeminarCollectionTests.m in Sources */,
			);
			runOnlyForDeploymentPostprocessing = 0;
		};
/* End PBXSourcesBuildPhase section */

/* Begin PBXTargetDependency section */
		C2CEF16419755F3C006C5E5B /* PBXTargetDependency */ = {
			isa = PBXTargetDependency;
			target = C2CEF13C19755F3C006C5E5B /* SeminarCollection */;
			targetProxy = C2CEF16319755F3C006C5E5B /* PBXContainerItemProxy */;
		};
/* End PBXTargetDependency section */

/* Begin PBXVariantGroup section */
		C2CEF14919755F3C006C5E5B /* InfoPlist.strings */ = {
			isa = PBXVariantGroup;
			children = (
				C2CEF14A19755F3C006C5E5B /* en */,
			);
			name = InfoPlist.strings;
			sourceTree = "<group>";
		};
		C2CEF15219755F3C006C5E5B /* Main.storyboard */ = {
			isa = PBXVariantGroup;
			children = (
				C2CEF15319755F3C006C5E5B /* Base */,
			);
			name = Main.storyboard;
			sourceTree = "<group>";
		};
		C2CEF16819755F3C006C5E5B /* InfoPlist.strings */ = {
			isa = PBXVariantGroup;
			children = (
				C2CEF16919755F3C006C5E5B /* en */,
			);
			name = InfoPlist.strings;
			sourceTree = "<group>";
		};
/* End PBXVariantGroup section */

/* Begin XCBuildConfiguration section */
		C2CEF16D19755F3C006C5E5B /* Debug */ = {
			isa = XCBuildConfiguration;
			buildSettings = {
				ALWAYS_SEARCH_USER_PATHS = NO;
				CLANG_CXX_LANGUAGE_STANDARD = "gnu++0x";
				CLANG_CXX_LIBRARY = "libc++";
				CLANG_ENABLE_MODULES = YES;
				CLANG_ENABLE_OBJC_ARC = YES;
				CLANG_WARN_BOOL_CONVERSION = YES;
				CLANG_WARN_CONSTANT_CONVERSION = YES;
				CLANG_WARN_DIRECT_OBJC_ISA_USAGE = YES_ERROR;
				CLANG_WARN_EMPTY_BODY = YES;
				CLANG_WARN_ENUM_CONVERSION = YES;
				CLANG_WARN_INT_CONVERSION = YES;
				CLANG_WARN_OBJC_ROOT_CLASS = YES_ERROR;
				CLANG_WARN__DUPLICATE_METHOD_MATCH = YES;
				"CODE_SIGN_IDENTITY[sdk=iphoneos*]" = "iPhone Developer";
				COPY_PHASE_STRIP = NO;
				GCC_C_LANGUAGE_STANDARD = gnu99;
				GCC_DYNAMIC_NO_PIC = NO;
				GCC_OPTIMIZATION_LEVEL = 0;
				GCC_PREPROCESSOR_DEFINITIONS = (
					"DEBUG=1",
					"$(inherited)",
				);
				GCC_SYMBOLS_PRIVATE_EXTERN = NO;
				GCC_WARN_64_TO_32_BIT_CONVERSION = YES;
				GCC_WARN_ABOUT_RETURN_TYPE = YES_ERROR;
				GCC_WARN_UNDECLARED_SELECTOR = YES;
				GCC_WARN_UNINITIALIZED_AUTOS = YES_AGGRESSIVE;
				GCC_WARN_UNUSED_FUNCTION = YES;
				GCC_WARN_UNUSED_VARIABLE = YES;
				IPHONEOS_DEPLOYMENT_TARGET = 7.1;
				ONLY_ACTIVE_ARCH = YES;
				SDKROOT = iphoneos;
			};
			name = Debug;
		};
		C2CEF16E19755F3C006C5E5B /* Release */ = {
			isa = XCBuildConfiguration;
			buildSettings = {
				ALWAYS_SEARCH_USER_PATHS = NO;
				CLANG_CXX_LANGUAGE_STANDARD = "gnu++0x";
				CLANG_CXX_LIBRARY = "libc++";
				CLANG_ENABLE_MODULES = YES;
				CLANG_ENABLE_OBJC_ARC = YES;
				CLANG_WARN_BOOL_CONVERSION = YES;
				CLANG_WARN_CONSTANT_CONVERSION = YES;
				CLANG_WARN_DIRECT_OBJC_ISA_USAGE = YES_ERROR;
				CLANG_WARN_EMPTY_BODY = YES;
				CLANG_WARN_ENUM_CONVERSION = YES;
				CLANG_WARN_INT_CONVERSION = YES;
				CLANG_WARN_OBJC_ROOT_CLASS = YES_ERROR;
				CLANG_WARN__DUPLICATE_METHOD_MATCH = YES;
				"CODE_SIGN_IDENTITY[sdk=iphoneos*]" = "iPhone Developer";
				COPY_PHASE_STRIP = YES;
				ENABLE_NS_ASSERTIONS = NO;
				GCC_C_LANGUAGE_STANDARD = gnu99;
				GCC_WARN_64_TO_32_BIT_CONVERSION = YES;
				GCC_WARN_ABOUT_RETURN_TYPE = YES_ERROR;
				GCC_WARN_UNDECLARED_SELECTOR = YES;
				GCC_WARN_UNINITIALIZED_AUTOS = YES_AGGRESSIVE;
				GCC_WARN_UNUSED_FUNCTION = YES;
				GCC_WARN_UNUSED_VARIABLE = YES;
				IPHONEOS_DEPLOYMENT_TARGET = 7.1;
				SDKROOT = iphoneos;
				VALIDATE_PRODUCT = YES;
			};
			name = Release;
		};
		C2CEF17019755F3C006C5E5B /* Debug */ = {
			isa = XCBuildConfiguration;
			baseConfigurationReference = 7A233DA735ACA7D7F85AB111 /* Pods.debug.xcconfig */;
			buildSettings = {
				ASSETCATALOG_COMPILER_APPICON_NAME = AppIcon;
				ASSETCATALOG_COMPILER_LAUNCHIMAGE_NAME = LaunchImage;
				GCC_PRECOMPILE_PREFIX_HEADER = YES;
				GCC_PREFIX_HEADER = "SeminarCollection/SeminarCollection-Prefix.pch";
				INFOPLIST_FILE = "SeminarCollection/SeminarCollection-Info.plist";
				IPHONEOS_DEPLOYMENT_TARGET = 7.1;
				PRODUCT_NAME = "$(TARGET_NAME)";
				WRAPPER_EXTENSION = app;
			};
			name = Debug;
		};
		C2CEF17119755F3C006C5E5B /* Release */ = {
			isa = XCBuildConfiguration;
			baseConfigurationReference = F7E94DBCE0111A16E03D290E /* Pods.release.xcconfig */;
			buildSettings = {
				ASSETCATALOG_COMPILER_APPICON_NAME = AppIcon;
				ASSETCATALOG_COMPILER_LAUNCHIMAGE_NAME = LaunchImage;
				GCC_PRECOMPILE_PREFIX_HEADER = YES;
				GCC_PREFIX_HEADER = "SeminarCollection/SeminarCollection-Prefix.pch";
				INFOPLIST_FILE = "SeminarCollection/SeminarCollection-Info.plist";
				IPHONEOS_DEPLOYMENT_TARGET = 7.1;
				PRODUCT_NAME = "$(TARGET_NAME)";
				WRAPPER_EXTENSION = app;
			};
			name = Release;
		};
		C2CEF17319755F3C006C5E5B /* Debug */ = {
			isa = XCBuildConfiguration;
			buildSettings = {
				BUNDLE_LOADER = "$(BUILT_PRODUCTS_DIR)/SeminarCollection.app/SeminarCollection";
				FRAMEWORK_SEARCH_PATHS = (
					"$(SDKROOT)/Developer/Library/Frameworks",
					"$(inherited)",
					"$(DEVELOPER_FRAMEWORKS_DIR)",
				);
				GCC_PRECOMPILE_PREFIX_HEADER = YES;
				GCC_PREFIX_HEADER = "SeminarCollection/SeminarCollection-Prefix.pch";
				GCC_PREPROCESSOR_DEFINITIONS = (
					"DEBUG=1",
					"$(inherited)",
				);
				INFOPLIST_FILE = "SeminarCollectionTests/SeminarCollectionTests-Info.plist";
				PRODUCT_NAME = "$(TARGET_NAME)";
				TEST_HOST = "$(BUNDLE_LOADER)";
				WRAPPER_EXTENSION = xctest;
			};
			name = Debug;
		};
		C2CEF17419755F3C006C5E5B /* Release */ = {
			isa = XCBuildConfiguration;
			buildSettings = {
				BUNDLE_LOADER = "$(BUILT_PRODUCTS_DIR)/SeminarCollection.app/SeminarCollection";
				FRAMEWORK_SEARCH_PATHS = (
					"$(SDKROOT)/Developer/Library/Frameworks",
					"$(inherited)",
					"$(DEVELOPER_FRAMEWORKS_DIR)",
				);
				GCC_PRECOMPILE_PREFIX_HEADER = YES;
				GCC_PREFIX_HEADER = "SeminarCollection/SeminarCollection-Prefix.pch";
				INFOPLIST_FILE = "SeminarCollectionTests/SeminarCollectionTests-Info.plist";
				PRODUCT_NAME = "$(TARGET_NAME)";
				TEST_HOST = "$(BUNDLE_LOADER)";
				WRAPPER_EXTENSION = xctest;
			};
			name = Release;
		};
/* End XCBuildConfiguration section */

/* Begin XCConfigurationList section */
		C2CEF13819755F3C006C5E5B /* Build configuration list for PBXProject "SeminarCollection" */ = {
			isa = XCConfigurationList;
			buildConfigurations = (
				C2CEF16D19755F3C006C5E5B /* Debug */,
				C2CEF16E19755F3C006C5E5B /* Release */,
			);
			defaultConfigurationIsVisible = 0;
			defaultConfigurationName = Release;
		};
		C2CEF16F19755F3C006C5E5B /* Build configuration list for PBXNativeTarget "SeminarCollection" */ = {
			isa = XCConfigurationList;
			buildConfigurations = (
				C2CEF17019755F3C006C5E5B /* Debug */,
				C2CEF17119755F3C006C5E5B /* Release */,
			);
			defaultConfigurationIsVisible = 0;
			defaultConfigurationName = Release;
		};
		C2CEF17219755F3C006C5E5B /* Build configuration list for PBXNativeTarget "SeminarCollectionTests" */ = {
			isa = XCConfigurationList;
			buildConfigurations = (
				C2CEF17319755F3C006C5E5B /* Debug */,
				C2CEF17419755F3C006C5E5B /* Release */,
			);
			defaultConfigurationIsVisible = 0;
			defaultConfigurationName = Release;
		};
/* End XCConfigurationList section */

/* Begin XCVersionGroup section */
		C2CEF1761975609C006C5E5B /* Seminar.xcdatamodeld */ = {
			isa = XCVersionGroup;
			children = (
				C2CEF1771975609C006C5E5B /* Seminar.xcdatamodel */,
			);
			currentVersion = C2CEF1771975609C006C5E5B /* Seminar.xcdatamodel */;
			path = Seminar.xcdatamodeld;
			sourceTree = "<group>";
			versionGroupType = wrapper.xcdatamodel;
		};
/* End XCVersionGroup section */
	};
	rootObject = C2CEF13519755F3C006C5E5B /* Project object */;
}
